
Microsoft Visual Studio Solution File, Format Version 12.00
# Visual Studio Version 17
VisualStudioVersion = 17.3.32819.101
MinimumVisualStudioVersion = 10.0.40219.1
Project("{9A19103F-16F7-4668-BE54-9A1E7A4F7556}") = "AreaCalculator", "AreaCalculator\AreaCalculator.csproj", "{12CB35FD-74B8-4315-8A70-CD0996FB4481}"
EndProject
Project("{9A19103F-16F7-4668-BE54-9A1E7A4F7556}") = "AreaCulculator.Test", "AreaCulculator.Test\AreaCulculator.Test.csproj", "{3DEE10CF-BA8A-4E32-AEC4-B20713BA9EF2}"
EndProject
Global
	GlobalSection(SolutionConfigurationPlatforms) = preSolution
		Debug|Any CPU = Debug|Any CPU
		Release|Any CPU = Release|Any CPU
	EndGlobalSection
	GlobalSection(ProjectConfigurationPlatforms) = postSolution
		{12CB35FD-74B8-4315-8A70-CD0996FB4481}.Debug|Any CPU.ActiveCfg = Debug|Any CPU
		{12CB35FD-74B8-4315-8A70-CD0996FB4481}.Debug|Any CPU.Build.0 = Debug|Any CPU
		{12CB35FD-74B8-4315-8A70-CD0996FB4481}.Release|Any CPU.ActiveCfg = Release|Any CPU
		{12CB35FD-74B8-4315-8A70-CD0996FB4481}.Release|Any CPU.Build.0 = Release|Any CPU
		{3DEE10CF-BA8A-4E32-AEC4-B20713BA9EF2}.Debug|Any CPU.ActiveCfg = Debug|Any CPU
		{3DEE10CF-BA8A-4E32-AEC4-B20713BA9EF2}.Debug|Any CPU.Build.0 = Debug|Any CPU
		{3DEE10CF-BA8A-4E32-AEC4-B20713BA9EF2}.Release|Any CPU.ActiveCfg = Release|Any CPU
		{3DEE10CF-BA8A-4E32-AEC4-B20713BA9EF2}.Release|Any CPU.Build.0 = Release|Any CPU
	EndGlobalSection
	GlobalSection(SolutionProperties) = preSolution
		HideSolutionNode = FALSE
	EndGlobalSection
	GlobalSection(ExtensibilityGlobals) = postSolution
		SolutionGuid = {949197FF-39CC-414D-8887-373FC37365AC}
	EndGlobalSection
EndGlobal
